
Microsoft Visual Studio Solution File, Format Version 10.00
# Visual Studio 2008
Project("{FAE04EC0-301F-11D3-BF4B-00C04F79EFBC}") = "sgClass", "sgClass\sgClass.csproj", "{0281C14F-4271-4216-9B4B-662A871B32FE}"
EndProject
Project("{FAE04EC0-301F-11D3-BF4B-00C04F79EFBC}") = "sgCheckWork", "sgCheckWork\sgCheckWork.csproj", "{8DF63016-3CF1-4170-956C-B74BD3887E5F}"
EndProject
Global
	GlobalSection(SolutionConfigurationPlatforms) = preSolution
		Debug|Any CPU = Debug|Any CPU
		Release|Any CPU = Release|Any CPU
	EndGlobalSection
	GlobalSection(ProjectConfigurationPlatforms) = postSolution
		{0281C14F-4271-4216-9B4B-662A871B32FE}.Debug|Any CPU.ActiveCfg = Debug|Any CPU
		{0281C14F-4271-4216-9B4B-662A871B32FE}.Debug|Any CPU.Build.0 = Debug|Any CPU
		{0281C14F-4271-4216-9B4B-662A871B32FE}.Release|Any CPU.ActiveCfg = Release|Any CPU
		{0281C14F-4271-4216-9B4B-662A871B32FE}.Release|Any CPU.Build.0 = Release|Any CPU
		{8DF63016-3CF1-4170-956C-B74BD3887E5F}.Debug|Any CPU.ActiveCfg = Debug|Any CPU
		{8DF63016-3CF1-4170-956C-B74BD3887E5F}.Debug|Any CPU.Build.0 = Debug|Any CPU
		{8DF63016-3CF1-4170-956C-B74BD3887E5F}.Release|Any CPU.ActiveCfg = Release|Any CPU
		{8DF63016-3CF1-4170-956C-B74BD3887E5F}.Release|Any CPU.Build.0 = Release|Any CPU
	EndGlobalSection
	GlobalSection(SolutionProperties) = preSolution
		HideSolutionNode = FALSE
	EndGlobalSection
EndGlobal
